
Microsoft Visual Studio Solution File, Format Version 12.00
# Visual Studio Version 16
VisualStudioVersion = 16.0.29806.167
MinimumVisualStudioVersion = 10.0.40219.1
Project("{E24C65DC-7377-472B-9ABA-BC803B73C61A}") = "Garimpo", ".", "{424107CA-BEEA-402B-B140-FAE1EE48F957}"
	ProjectSection(WebsiteProperties) = preProject
		TargetFrameworkMoniker = ".NETFramework,Version%3Dv4.5"
		Debug.AspNetCompiler.VirtualPath = "/localhost_54479"
		Debug.AspNetCompiler.PhysicalPath = "..\Garimpo\"
		Debug.AspNetCompiler.TargetPath = "PrecompiledWeb\localhost_54479\"
		Debug.AspNetCompiler.Updateable = "true"
		Debug.AspNetCompiler.ForceOverwrite = "true"
		Debug.AspNetCompiler.FixedNames = "false"
		Debug.AspNetCompiler.Debug = "True"
		Release.AspNetCompiler.VirtualPath = "/localhost_54479"
		Release.AspNetCompiler.PhysicalPath = "..\Garimpo\"
		Release.AspNetCompiler.TargetPath = "PrecompiledWeb\localhost_54479\"
		Release.AspNetCompiler.Updateable = "true"
		Release.AspNetCompiler.ForceOverwrite = "true"
		Release.AspNetCompiler.FixedNames = "false"
		Release.AspNetCompiler.Debug = "False"
		VWDPort = "54479"
		SlnRelativePath = "..\Garimpo\"
	EndProjectSection
EndProject
Project("{2150E333-8FDC-42A3-9474-1A3956D46DE8}") = "Core", "Core", "{3E7ABD02-6FF1-4C17-A22F-B53609C9250B}"
EndProject
Project("{FAE04EC0-301F-11D3-BF4B-00C04F79EFBC}") = "Garimpo.Core.Model", "..\Garimpo.Core.Model\Garimpo.Core.Model.csproj", "{4976F5D4-A660-4B49-A022-169AA37D88C1}"
EndProject
Project("{2150E333-8FDC-42A3-9474-1A3956D46DE8}") = "Data", "Data", "{B81509CD-36C8-4778-8A6F-63C882293D39}"
EndProject
Project("{FAE04EC0-301F-11D3-BF4B-00C04F79EFBC}") = "Garimpo.Data", "..\Garimpo.Data\Garimpo.Data.csproj", "{7C553F87-4FF3-4551-8B53-FCBEBFCE4F71}"
EndProject
Global
	GlobalSection(SolutionConfigurationPlatforms) = preSolution
		Debug|Any CPU = Debug|Any CPU
		Release|Any CPU = Release|Any CPU
	EndGlobalSection
	GlobalSection(ProjectConfigurationPlatforms) = postSolution
		{424107CA-BEEA-402B-B140-FAE1EE48F957}.Debug|Any CPU.ActiveCfg = Debug|Any CPU
		{424107CA-BEEA-402B-B140-FAE1EE48F957}.Debug|Any CPU.Build.0 = Debug|Any CPU
		{424107CA-BEEA-402B-B140-FAE1EE48F957}.Release|Any CPU.ActiveCfg = Debug|Any CPU
		{424107CA-BEEA-402B-B140-FAE1EE48F957}.Release|Any CPU.Build.0 = Debug|Any CPU
		{4976F5D4-A660-4B49-A022-169AA37D88C1}.Debug|Any CPU.ActiveCfg = Debug|Any CPU
		{4976F5D4-A660-4B49-A022-169AA37D88C1}.Debug|Any CPU.Build.0 = Debug|Any CPU
		{4976F5D4-A660-4B49-A022-169AA37D88C1}.Release|Any CPU.ActiveCfg = Release|Any CPU
		{4976F5D4-A660-4B49-A022-169AA37D88C1}.Release|Any CPU.Build.0 = Release|Any CPU
		{7C553F87-4FF3-4551-8B53-FCBEBFCE4F71}.Debug|Any CPU.ActiveCfg = Debug|Any CPU
		{7C553F87-4FF3-4551-8B53-FCBEBFCE4F71}.Debug|Any CPU.Build.0 = Debug|Any CPU
		{7C553F87-4FF3-4551-8B53-FCBEBFCE4F71}.Release|Any CPU.ActiveCfg = Release|Any CPU
		{7C553F87-4FF3-4551-8B53-FCBEBFCE4F71}.Release|Any CPU.Build.0 = Release|Any CPU
	EndGlobalSection
	GlobalSection(SolutionProperties) = preSolution
		HideSolutionNode = FALSE
	EndGlobalSection
	GlobalSection(NestedProjects) = preSolution
		{4976F5D4-A660-4B49-A022-169AA37D88C1} = {3E7ABD02-6FF1-4C17-A22F-B53609C9250B}
		{7C553F87-4FF3-4551-8B53-FCBEBFCE4F71} = {B81509CD-36C8-4778-8A6F-63C882293D39}
	EndGlobalSection
	GlobalSection(ExtensibilityGlobals) = postSolution
		SolutionGuid = {D107DD96-4D47-4803-A045-C5BD2ADAAE15}
	EndGlobalSection
EndGlobal
